
Microsoft Visual Studio Solution File, Format Version 12.00
Project("{FAE04EC0-301F-11D3-BF4B-00C04F79EFBC}") = "MyTextChat", "MyTextChat\MyTextChat.csproj", "{87DD500C-7908-4233-9D7A-EB4B8BC08379}"
EndProject
Global
	GlobalSection(SolutionConfigurationPlatforms) = preSolution
		Debug|Any CPU = Debug|Any CPU
		Release|Any CPU = Release|Any CPU
	EndGlobalSection
	GlobalSection(ProjectConfigurationPlatforms) = postSolution
		{87DD500C-7908-4233-9D7A-EB4B8BC08379}.Debug|Any CPU.ActiveCfg = Debug|Any CPU
		{87DD500C-7908-4233-9D7A-EB4B8BC08379}.Debug|Any CPU.Build.0 = Debug|Any CPU
		{87DD500C-7908-4233-9D7A-EB4B8BC08379}.Release|Any CPU.ActiveCfg = Release|Any CPU
		{87DD500C-7908-4233-9D7A-EB4B8BC08379}.Release|Any CPU.Build.0 = Release|Any CPU
	EndGlobalSection
EndGlobal
